// !$*UTF8*$!
{
	archiveVersion = 1;
	classes = {
	};
	objectVersion = 56;
	objects = {

/* Begin PBXBuildFile section */
		4985892C28F0712D003F3782 /* Word_PlayApp.swift in Sources */ = {isa = PBXBuildFile; fileRef = 4985892B28F0712D003F3782 /* Word_PlayApp.swift */; };
		4985892E28F0712D003F3782 /* ContentView.swift in Sources */ = {isa = PBXBuildFile; fileRef = 4985892D28F0712D003F3782 /* ContentView.swift */; };
		4985893028F0712F003F3782 /* Assets.xcassets in Resources */ = {isa = PBXBuildFile; fileRef = 4985892F28F0712F003F3782 /* Assets.xcassets */; };
		4985893328F0712F003F3782 /* Preview Assets.xcassets in Resources */ = {isa = PBXBuildFile; fileRef = 4985893228F0712F003F3782 /* Preview Assets.xcassets */; };
		4985893D28F0712F003F3782 /* Word_PlayTests.swift in Sources */ = {isa = PBXBuildFile; fileRef = 4985893C28F0712F003F3782 /* Word_PlayTests.swift */; };
		4985894728F0712F003F3782 /* Word_PlayUITests.swift in Sources */ = {isa = PBXBuildFile; fileRef = 4985894628F0712F003F3782 /* Word_PlayUITests.swift */; };
		4985894928F0712F003F3782 /* Word_PlayUITestsLaunchTests.swift in Sources */ = {isa = PBXBuildFile; fileRef = 4985894828F0712F003F3782 /* Word_PlayUITestsLaunchTests.swift */; };
/* End PBXBuildFile section */

/* Begin PBXContainerItemProxy section */
		4985893928F0712F003F3782 /* PBXContainerItemProxy */ = {
			isa = PBXContainerItemProxy;
			containerPortal = 4985892028F0712D003F3782 /* Project object */;
			proxyType = 1;
			remoteGlobalIDString = 4985892728F0712D003F3782;
			remoteInfo = "Word Play";
		};
		4985894328F0712F003F3782 /* PBXContainerItemProxy */ = {
			isa = PBXContainerItemProxy;
			containerPortal = 4985892028F0712D003F3782 /* Project object */;
			proxyType = 1;
			remoteGlobalIDString = 4985892728F0712D003F3782;
			remoteInfo = "Word Play";
		};
/* End PBXContainerItemProxy section */

/* Begin PBXFileReference section */
		4985892828F0712D003F3782 /* Word Play.app */ = {isa = PBXFileReference; explicitFileType = wrapper.application; includeInIndex = 0; path = "Word Play.app"; sourceTree = BUILT_PRODUCTS_DIR; };
		4985892B28F0712D003F3782 /* Word_PlayApp.swift */ = {isa = PBXFileReference; lastKnownFileType = sourcecode.swift; path = Word_PlayApp.swift; sourceTree = "<group>"; };
		4985892D28F0712D003F3782 /* ContentView.swift */ = {isa = PBXFileReference; lastKnownFileType = sourcecode.swift; path = ContentView.swift; sourceTree = "<group>"; };
		4985892F28F0712F003F3782 /* Assets.xcassets */ = {isa = PBXFileReference; lastKnownFileType = folder.assetcatalog; path = Assets.xcassets; sourceTree = "<group>"; };
		4985893228F0712F003F3782 /* Preview Assets.xcassets */ = {isa = PBXFileReference; lastKnownFileType = folder.assetcatalog; path = "Preview Assets.xcassets"; sourceTree = "<group>"; };
		4985893828F0712F003F3782 /* Word PlayTests.xctest */ = {isa = PBXFileReference; explicitFileType = wrapper.cfbundle; includeInIndex = 0; path = "Word PlayTests.xctest"; sourceTree = BUILT_PRODUCTS_DIR; };
		4985893C28F0712F003F3782 /* Word_PlayTests.swift */ = {isa = PBXFileReference; lastKnownFileType = sourcecode.swift; path = Word_PlayTests.swift; sourceTree = "<group>"; };
		4985894228F0712F003F3782 /* Word PlayUITests.xctest */ = {isa = PBXFileReference; explicitFileType = wrapper.cfbundle; includeInIndex = 0; path = "Word PlayUITests.xctest"; sourceTree = BUILT_PRODUCTS_DIR; };
		4985894628F0712F003F3782 /* Word_PlayUITests.swift */ = {isa = PBXFileReference; lastKnownFileType = sourcecode.swift; path = Word_PlayUITests.swift; sourceTree = "<group>"; };
		4985894828F0712F003F3782 /* Word_PlayUITestsLaunchTests.swift */ = {isa = PBXFileReference; lastKnownFileType = sourcecode.swift; path = Word_PlayUITestsLaunchTests.swift; sourceTree = "<group>"; };
/* End PBXFileReference section */

/* Begin PBXFrameworksBuildPhase section */
		4985892528F0712D003F3782 /* Frameworks */ = {
			isa = PBXFrameworksBuildPhase;
			buildActionMask = 2147483647;
			files = (
			);
			runOnlyForDeploymentPostprocessing = 0;
		};
		4985893528F0712F003F3782 /* Frameworks */ = {
			isa = PBXFrameworksBuildPhase;
			buildActionMask = 2147483647;
			files = (
			);
			runOnlyForDeploymentPostprocessing = 0;
		};
		4985893F28F0712F003F3782 /* Frameworks */ = {
			isa = PBXFrameworksBuildPhase;
			buildActionMask = 2147483647;
			files = (
			);
			runOnlyForDeploymentPostprocessing = 0;
		};
/* End PBXFrameworksBuildPhase section */

/* Begin PBXGroup section */
		4985891F28F0712D003F3782 = {
			isa = PBXGroup;
			children = (
				4985892A28F0712D003F3782 /* Word Play */,
				4985893B28F0712F003F3782 /* Word PlayTests */,
				4985894528F0712F003F3782 /* Word PlayUITests */,
				4985892928F0712D003F3782 /* Products */,
			);
			sourceTree = "<group>";
		};
		4985892928F0712D003F3782 /* Products */ = {
			isa = PBXGroup;
			children = (
				4985892828F0712D003F3782 /* Word Play.app */,
				4985893828F0712F003F3782 /* Word PlayTests.xctest */,
				4985894228F0712F003F3782 /* Word PlayUITests.xctest */,
			);
			name = Products;
			sourceTree = "<group>";
		};
		4985892A28F0712D003F3782 /* Word Play */ = {
			isa = PBXGroup;
			children = (
				4985892B28F0712D003F3782 /* Word_PlayApp.swift */,
				4985892D28F0712D003F3782 /* ContentView.swift */,
				4985892F28F0712F003F3782 /* Assets.xcassets */,
				4985893128F0712F003F3782 /* Preview Content */,
			);
			path = "Word Play";
			sourceTree = "<group>";
		};
		4985893128F0712F003F3782 /* Preview Content */ = {
			isa = PBXGroup;
			children = (
				4985893228F0712F003F3782 /* Preview Assets.xcassets */,
			);
			path = "Preview Content";
			sourceTree = "<group>";
		};
		4985893B28F0712F003F3782 /* Word PlayTests */ = {
			isa = PBXGroup;
			children = (
				4985893C28F0712F003F3782 /* Word_PlayTests.swift */,
			);
			path = "Word PlayTests";
			sourceTree = "<group>";
		};
		4985894528F0712F003F3782 /* Word PlayUITests */ = {
			isa = PBXGroup;
			children = (
				4985894628F0712F003F3782 /* Word_PlayUITests.swift */,
				4985894828F0712F003F3782 /* Word_PlayUITestsLaunchTests.swift */,
			);
			path = "Word PlayUITests";
			sourceTree = "<group>";
		};
/* End PBXGroup section */

/* Begin PBXNativeTarget section */
		4985892728F0712D003F3782 /* Word Play */ = {
			isa = PBXNativeTarget;
			buildConfigurationList = 4985894C28F0712F003F3782 /* Build configuration list for PBXNativeTarget "Word Play" */;
			buildPhases = (
				4985892428F0712D003F3782 /* Sources */,
				4985892528F0712D003F3782 /* Frameworks */,
				4985892628F0712D003F3782 /* Resources */,
			);
			buildRules = (
			);
			dependencies = (
			);
			name = "Word Play";
			productName = "Word Play";
			productReference = 4985892828F0712D003F3782 /* Word Play.app */;
			productType = "com.apple.product-type.application";
		};
		4985893728F0712F003F3782 /* Word PlayTests */ = {
			isa = PBXNativeTarget;
			buildConfigurationList = 4985894F28F0712F003F3782 /* Build configuration list for PBXNativeTarget "Word PlayTests" */;
			buildPhases = (
				4985893428F0712F003F3782 /* Sources */,
				4985893528F0712F003F3782 /* Frameworks */,
				4985893628F0712F003F3782 /* Resources */,
			);
			buildRules = (
			);
			dependencies = (
				4985893A28F0712F003F3782 /* PBXTargetDependency */,
			);
			name = "Word PlayTests";
			productName = "Word PlayTests";
			productReference = 4985893828F0712F003F3782 /* Word PlayTests.xctest */;
			productType = "com.apple.product-type.bundle.unit-test";
		};
		4985894128F0712F003F3782 /* Word PlayUITests */ = {
			isa = PBXNativeTarget;
			buildConfigurationList = 4985895228F0712F003F3782 /* Build configuration list for PBXNativeTarget "Word PlayUITests" */;
			buildPhases = (
				4985893E28F0712F003F3782 /* Sources */,
				4985893F28F0712F003F3782 /* Frameworks */,
				4985894028F0712F003F3782 /* Resources */,
			);
			buildRules = (
			);
			dependencies = (
				4985894428F0712F003F3782 /* PBXTargetDependency */,
			);
			name = "Word PlayUITests";
			productName = "Word PlayUITests";
			productReference = 4985894228F0712F003F3782 /* Word PlayUITests.xctest */;
			productType = "com.apple.product-type.bundle.ui-testing";
		};
/* End PBXNativeTarget section */

/* Begin PBXProject section */
		4985892028F0712D003F3782 /* Project object */ = {
			isa = PBXProject;
			attributes = {
				BuildIndependentTargetsInParallel = 1;
				LastSwiftUpdateCheck = 1400;
				LastUpgradeCheck = 1400;
				TargetAttributes = {
					4985892728F0712D003F3782 = {
						CreatedOnToolsVersion = 14.0.1;
					};
					4985893728F0712F003F3782 = {
						CreatedOnToolsVersion = 14.0.1;
						TestTargetID = 4985892728F0712D003F3782;
					};
					4985894128F0712F003F3782 = {
						CreatedOnToolsVersion = 14.0.1;
						TestTargetID = 4985892728F0712D003F3782;
					};
				};
			};
			buildConfigurationList = 4985892328F0712D003F3782 /* Build configuration list for PBXProject "Word Play" */;
			compatibilityVersion = "Xcode 14.0";
			developmentRegion = en;
			hasScannedForEncodings = 0;
			knownRegions = (
				en,
				Base,
			);
			mainGroup = 4985891F28F0712D003F3782;
			productRefGroup = 4985892928F0712D003F3782 /* Products */;
			projectDirPath = "";
			projectRoot = "";
			targets = (
				4985892728F0712D003F3782 /* Word Play */,
				4985893728F0712F003F3782 /* Word PlayTests */,
				4985894128F0712F003F3782 /* Word PlayUITests */,
			);
		};
/* End PBXProject section */

/* Begin PBXResourcesBuildPhase section */
		4985892628F0712D003F3782 /* Resources */ = {
			isa = PBXResourcesBuildPhase;
			buildActionMask = 2147483647;
			files = (
				4985893328F0712F003F3782 /* Preview Assets.xcassets in Resources */,
				4985893028F0712F003F3782 /* Assets.xcassets in Resources */,
			);
			runOnlyForDeploymentPostprocessing = 0;
		};
		4985893628F0712F003F3782 /* Resources */ = {
			isa = PBXResourcesBuildPhase;
			buildActionMask = 2147483647;
			files = (
			);
			runOnlyForDeploymentPostprocessing = 0;
		};
		4985894028F0712F003F3782 /* Resources */ = {
			isa = PBXResourcesBuildPhase;
			buildActionMask = 2147483647;
			files = (
			);
			runOnlyForDeploymentPostprocessing = 0;
		};
/* End PBXResourcesBuildPhase section */

/* Begin PBXSourcesBuildPhase section */
		4985892428F0712D003F3782 /* Sources */ = {
			isa = PBXSourcesBuildPhase;
			buildActionMask = 2147483647;
			files = (
				4985892E28F0712D003F3782 /* ContentView.swift in Sources */,
				4985892C28F0712D003F3782 /* Word_PlayApp.swift in Sources */,
			);
			runOnlyForDeploymentPostprocessing = 0;
		};
		4985893428F0712F003F3782 /* Sources */ = {
			isa = PBXSourcesBuildPhase;
			buildActionMask = 2147483647;
			files = (
				4985893D28F0712F003F3782 /* Word_PlayTests.swift in Sources */,
			);
			runOnlyForDeploymentPostprocessing = 0;
		};
		4985893E28F0712F003F3782 /* Sources */ = {
			isa = PBXSourcesBuildPhase;
			buildActionMask = 2147483647;
			files = (
				4985894928F0712F003F3782 /* Word_PlayUITestsLaunchTests.swift in Sources */,
				4985894728F0712F003F3782 /* Word_PlayUITests.swift in Sources */,
			);
			runOnlyForDeploymentPostprocessing = 0;
		};
/* End PBXSourcesBuildPhase section */

/* Begin PBXTargetDependency section */
		4985893A28F0712F003F3782 /* PBXTargetDependency */ = {
			isa = PBXTargetDependency;
			target = 4985892728F0712D003F3782 /* Word Play */;
			targetProxy = 4985893928F0712F003F3782 /* PBXContainerItemProxy */;
		};
		4985894428F0712F003F3782 /* PBXTargetDependency */ = {
			isa = PBXTargetDependency;
			target = 4985892728F0712D003F3782 /* Word Play */;
			targetProxy = 4985894328F0712F003F3782 /* PBXContainerItemProxy */;
		};
/* End PBXTargetDependency section */

/* Begin XCBuildConfiguration section */
		4985894A28F0712F003F3782 /* Debug */ = {
			isa = XCBuildConfiguration;
			buildSettings = {
				ALWAYS_SEARCH_USER_PATHS = NO;
				CLANG_ANALYZER_NONNULL = YES;
				CLANG_ANALYZER_NUMBER_OBJECT_CONVERSION = YES_AGGRESSIVE;
				CLANG_CXX_LANGUAGE_STANDARD = "gnu++20";
				CLANG_ENABLE_MODULES = YES;
				CLANG_ENABLE_OBJC_ARC = YES;
				CLANG_ENABLE_OBJC_WEAK = YES;
				CLANG_WARN_BLOCK_CAPTURE_AUTORELEASING = YES;
				CLANG_WARN_BOOL_CONVERSION = YES;
				CLANG_WARN_COMMA = YES;
				CLANG_WARN_CONSTANT_CONVERSION = YES;
				CLANG_WARN_DEPRECATED_OBJC_IMPLEMENTATIONS = YES;
				CLANG_WARN_DIRECT_OBJC_ISA_USAGE = YES_ERROR;
				CLANG_WARN_DOCUMENTATION_COMMENTS = YES;
				CLANG_WARN_EMPTY_BODY = YES;
				CLANG_WARN_ENUM_CONVERSION = YES;
				CLANG_WARN_INFINITE_RECURSION = YES;
				CLANG_WARN_INT_CONVERSION = YES;
				CLANG_WARN_NON_LITERAL_NULL_CONVERSION = YES;
				CLANG_WARN_OBJC_IMPLICIT_RETAIN_SELF = YES;
				CLANG_WARN_OBJC_LITERAL_CONVERSION = YES;
				CLANG_WARN_OBJC_ROOT_CLASS = YES_ERROR;
				CLANG_WARN_QUOTED_INCLUDE_IN_FRAMEWORK_HEADER = YES;
				CLANG_WARN_RANGE_LOOP_ANALYSIS = YES;
				CLANG_WARN_STRICT_PROTOTYPES = YES;
				CLANG_WARN_SUSPICIOUS_MOVE = YES;
				CLANG_WARN_UNGUARDED_AVAILABILITY = YES_AGGRESSIVE;
				CLANG_WARN_UNREACHABLE_CODE = YES;
				CLANG_WARN__DUPLICATE_METHOD_MATCH = YES;
				COPY_PHASE_STRIP = NO;
				DEBUG_INFORMATION_FORMAT = dwarf;
				ENABLE_STRICT_OBJC_MSGSEND = YES;
				ENABLE_TESTABILITY = YES;
				GCC_C_LANGUAGE_STANDARD = gnu11;
				GCC_DYNAMIC_NO_PIC = NO;
				GCC_NO_COMMON_BLOCKS = YES;
				GCC_OPTIMIZATION_LEVEL = 0;
				GCC_PREPROCESSOR_DEFINITIONS = (
					"DEBUG=1",
					"$(inherited)",
				);
				GCC_WARN_64_TO_32_BIT_CONVERSION = YES;
				GCC_WARN_ABOUT_RETURN_TYPE = YES_ERROR;
				GCC_WARN_UNDECLARED_SELECTOR = YES;
				GCC_WARN_UNINITIALIZED_AUTOS = YES_AGGRESSIVE;
				GCC_WARN_UNUSED_FUNCTION = YES;
				GCC_WARN_UNUSED_VARIABLE = YES;
				IPHONEOS_DEPLOYMENT_TARGET = 16.0;
				MTL_ENABLE_DEBUG_INFO = INCLUDE_SOURCE;
				MTL_FAST_MATH = YES;
				ONLY_ACTIVE_ARCH = YES;
				SDKROOT = iphoneos;
				SWIFT_ACTIVE_COMPILATION_CONDITIONS = DEBUG;
				SWIFT_OPTIMIZATION_LEVEL = "-Onone";
			};
			name = Debug;
		};
		4985894B28F0712F003F3782 /* Release */ = {
			isa = XCBuildConfiguration;
			buildSettings = {
				ALWAYS_SEARCH_USER_PATHS = NO;
				CLANG_ANALYZER_NONNULL = YES;
				CLANG_ANALYZER_NUMBER_OBJECT_CONVERSION = YES_AGGRESSIVE;
				CLANG_CXX_LANGUAGE_STANDARD = "gnu++20";
				CLANG_ENABLE_MODULES = YES;
				CLANG_ENABLE_OBJC_ARC = YES;
				CLANG_ENABLE_OBJC_WEAK = YES;
				CLANG_WARN_BLOCK_CAPTURE_AUTORELEASING = YES;
				CLANG_WARN_BOOL_CONVERSION = YES;
				CLANG_WARN_COMMA = YES;
				CLANG_WARN_CONSTANT_CONVERSION = YES;
				CLANG_WARN_DEPRECATED_OBJC_IMPLEMENTATIONS = YES;
				CLANG_WARN_DIRECT_OBJC_ISA_USAGE = YES_ERROR;
				CLANG_WARN_DOCUMENTATION_COMMENTS = YES;
				CLANG_WARN_EMPTY_BODY = YES;
				CLANG_WARN_ENUM_CONVERSION = YES;
				CLANG_WARN_INFINITE_RECURSION = YES;
				CLANG_WARN_INT_CONVERSION = YES;
				CLANG_WARN_NON_LITERAL_NULL_CONVERSION = YES;
				CLANG_WARN_OBJC_IMPLICIT_RETAIN_SELF = YES;
				CLANG_WARN_OBJC_LITERAL_CONVERSION = YES;
				CLANG_WARN_OBJC_ROOT_CLASS = YES_ERROR;
				CLANG_WARN_QUOTED_INCLUDE_IN_FRAMEWORK_HEADER = YES;
				CLANG_WARN_RANGE_LOOP_ANALYSIS = YES;
				CLANG_WARN_STRICT_PROTOTYPES = YES;
				CLANG_WARN_SUSPICIOUS_MOVE = YES;
				CLANG_WARN_UNGUARDED_AVAILABILITY = YES_AGGRESSIVE;
				CLANG_WARN_UNREACHABLE_CODE = YES;
				CLANG_WARN__DUPLICATE_METHOD_MATCH = YES;
				COPY_PHASE_STRIP = NO;
				DEBUG_INFORMATION_FORMAT = "dwarf-with-dsym";
				ENABLE_NS_ASSERTIONS = NO;
				ENABLE_STRICT_OBJC_MSGSEND = YES;
				GCC_C_LANGUAGE_STANDARD = gnu11;
				GCC_NO_COMMON_BLOCKS = YES;
				GCC_WARN_64_TO_32_BIT_CONVERSION = YES;
				GCC_WARN_ABOUT_RETURN_TYPE = YES_ERROR;
				GCC_WARN_UNDECLARED_SELECTOR = YES;
				GCC_WARN_UNINITIALIZED_AUTOS = YES_AGGRESSIVE;
				GCC_WARN_UNUSED_FUNCTION = YES;
				GCC_WARN_UNUSED_VARIABLE = YES;
				IPHONEOS_DEPLOYMENT_TARGET = 16.0;
				MTL_ENABLE_DEBUG_INFO = NO;
				MTL_FAST_MATH = YES;
				SDKROOT = iphoneos;
				SWIFT_COMPILATION_MODE = wholemodule;
				SWIFT_OPTIMIZATION_LEVEL = "-O";
				VALIDATE_PRODUCT = YES;
			};
			name = Release;
		};
		4985894D28F0712F003F3782 /* Debug */ = {
			isa = XCBuildConfiguration;
			buildSettings = {
				ASSETCATALOG_COMPILER_APPICON_NAME = AppIcon;
				ASSETCATALOG_COMPILER_GLOBAL_ACCENT_COLOR_NAME = AccentColor;
				CODE_SIGN_STYLE = Automatic;
				CURRENT_PROJECT_VERSION = 1;
				DEVELOPMENT_ASSET_PATHS = "\"Word Play/Preview Content\"";
				DEVELOPMENT_TEAM = HFN24CF56R;
				ENABLE_PREVIEWS = YES;
				GENERATE_INFOPLIST_FILE = YES;
				INFOPLIST_KEY_UIApplicationSceneManifest_Generation = YES;
				INFOPLIST_KEY_UIApplicationSupportsIndirectInputEvents = YES;
				INFOPLIST_KEY_UILaunchScreen_Generation = YES;
				INFOPLIST_KEY_UISupportedInterfaceOrientations_iPad = "UIInterfaceOrientationPortrait UIInterfaceOrientationPortraitUpsideDown UIInterfaceOrientationLandscapeLeft UIInterfaceOrientationLandscapeRight";
				INFOPLIST_KEY_UISupportedInterfaceOrientations_iPhone = "UIInterfaceOrientationPortrait UIInterfaceOrientationLandscapeLeft UIInterfaceOrientationLandscapeRight";
				LD_RUNPATH_SEARCH_PATHS = (
					"$(inherited)",
					"@executable_path/Frameworks",
				);
				MARKETING_VERSION = 1.0;
				PRODUCT_BUNDLE_IDENTIFIER = "bug.Word-Play";
				PRODUCT_NAME = "$(TARGET_NAME)";
				SWIFT_EMIT_LOC_STRINGS = YES;
				SWIFT_VERSION = 5.0;
				TARGETED_DEVICE_FAMILY = "1,2";
			};
			name = Debug;
		};
		4985894E28F0712F003F3782 /* Release */ = {
			isa = XCBuildConfiguration;
			buildSettings = {
				ASSETCATALOG_COMPILER_APPICON_NAME = AppIcon;
				ASSETCATALOG_COMPILER_GLOBAL_ACCENT_COLOR_NAME = AccentColor;
				CODE_SIGN_STYLE = Automatic;
				CURRENT_PROJECT_VERSION = 1;
				DEVELOPMENT_ASSET_PATHS = "\"Word Play/Preview Content\"";
				DEVELOPMENT_TEAM = HFN24CF56R;
				ENABLE_PREVIEWS = YES;
				GENERATE_INFOPLIST_FILE = YES;
				INFOPLIST_KEY_UIApplicationSceneManifest_Generation = YES;
				INFOPLIST_KEY_UIApplicationSupportsIndirectInputEvents = YES;
				INFOPLIST_KEY_UILaunchScreen_Generation = YES;
				INFOPLIST_KEY_UISupportedInterfaceOrientations_iPad = "UIInterfaceOrientationPortrait UIInterfaceOrientationPortraitUpsideDown UIInterfaceOrientationLandscapeLeft UIInterfaceOrientationLandscapeRight";
				INFOPLIST_KEY_UISupportedInterfaceOrientations_iPhone = "UIInterfaceOrientationPortrait UIInterfaceOrientationLandscapeLeft UIInterfaceOrientationLandscapeRight";
				LD_RUNPATH_SEARCH_PATHS = (
					"$(inherited)",
					"@executable_path/Frameworks",
				);
				MARKETING_VERSION = 1.0;
				PRODUCT_BUNDLE_IDENTIFIER = "bug.Word-Play";
				PRODUCT_NAME = "$(TARGET_NAME)";
				SWIFT_EMIT_LOC_STRINGS = YES;
				SWIFT_VERSION = 5.0;
				TARGETED_DEVICE_FAMILY = "1,2";
			};
			name = Release;
		};
		4985895028F0712F003F3782 /* Debug */ = {
			isa = XCBuildConfiguration;
			buildSettings = {
				ALWAYS_EMBED_SWIFT_STANDARD_LIBRARIES = YES;
				BUNDLE_LOADER = "$(TEST_HOST)";
				CODE_SIGN_STYLE = Automatic;
				CURRENT_PROJECT_VERSION = 1;
				DEVELOPMENT_TEAM = HFN24CF56R;
				GENERATE_INFOPLIST_FILE = YES;
				IPHONEOS_DEPLOYMENT_TARGET = 16.0;
				MARKETING_VERSION = 1.0;
				PRODUCT_BUNDLE_IDENTIFIER = "bug.Word-PlayTests";
				PRODUCT_NAME = "$(TARGET_NAME)";
				SWIFT_EMIT_LOC_STRINGS = NO;
				SWIFT_VERSION = 5.0;
				TARGETED_DEVICE_FAMILY = "1,2";
				TEST_HOST = "$(BUILT_PRODUCTS_DIR)/Word Play.app/$(BUNDLE_EXECUTABLE_FOLDER_PATH)/Word Play";
			};
			name = Debug;
		};
		4985895128F0712F003F3782 /* Release */ = {
			isa = XCBuildConfiguration;
			buildSettings = {
				ALWAYS_EMBED_SWIFT_STANDARD_LIBRARIES = YES;
				BUNDLE_LOADER = "$(TEST_HOST)";
				CODE_SIGN_STYLE = Automatic;
				CURRENT_PROJECT_VERSION = 1;
				DEVELOPMENT_TEAM = HFN24CF56R;
				GENERATE_INFOPLIST_FILE = YES;
				IPHONEOS_DEPLOYMENT_TARGET = 16.0;
				MARKETING_VERSION = 1.0;
				PRODUCT_BUNDLE_IDENTIFIER = "bug.Word-PlayTests";
				PRODUCT_NAME = "$(TARGET_NAME)";
				SWIFT_EMIT_LOC_STRINGS = NO;
				SWIFT_VERSION = 5.0;
				TARGETED_DEVICE_FAMILY = "1,2";
				TEST_HOST = "$(BUILT_PRODUCTS_DIR)/Word Play.app/$(BUNDLE_EXECUTABLE_FOLDER_PATH)/Word Play";
			};
			name = Release;
		};
		4985895328F0712F003F3782 /* Debug */ = {
			isa = XCBuildConfiguration;
			buildSettings = {
				ALWAYS_EMBED_SWIFT_STANDARD_LIBRARIES = YES;
				CODE_SIGN_STYLE = Automatic;
				CURRENT_PROJECT_VERSION = 1;
				DEVELOPMENT_TEAM = HFN24CF56R;
				GENERATE_INFOPLIST_FILE = YES;
				MARKETING_VERSION = 1.0;
				PRODUCT_BUNDLE_IDENTIFIER = "bug.Word-PlayUITests";
				PRODUCT_NAME = "$(TARGET_NAME)";
				SWIFT_EMIT_LOC_STRINGS = NO;
				SWIFT_VERSION = 5.0;
				TARGETED_DEVICE_FAMILY = "1,2";
				TEST_TARGET_NAME = "Word Play";
			};
			name = Debug;
		};
		4985895428F0712F003F3782 /* Release */ = {
			isa = XCBuildConfiguration;
			buildSettings = {
				ALWAYS_EMBED_SWIFT_STANDARD_LIBRARIES = YES;
				CODE_SIGN_STYLE = Automatic;
				CURRENT_PROJECT_VERSION = 1;
				DEVELOPMENT_TEAM = HFN24CF56R;
				GENERATE_INFOPLIST_FILE = YES;
				MARKETING_VERSION = 1.0;
				PRODUCT_BUNDLE_IDENTIFIER = "bug.Word-PlayUITests";
				PRODUCT_NAME = "$(TARGET_NAME)";
				SWIFT_EMIT_LOC_STRINGS = NO;
				SWIFT_VERSION = 5.0;
				TARGETED_DEVICE_FAMILY = "1,2";
				TEST_TARGET_NAME = "Word Play";
			};
			name = Release;
		};
/* End XCBuildConfiguration section */

/* Begin XCConfigurationList section */
		4985892328F0712D003F3782 /* Build configuration list for PBXProject "Word Play" */ = {
			isa = XCConfigurationList;
			buildConfigurations = (
				4985894A28F0712F003F3782 /* Debug */,
				4985894B28F0712F003F3782 /* Release */,
			);
			defaultConfigurationIsVisible = 0;
			defaultConfigurationName = Release;
		};
		4985894C28F0712F003F3782 /* Build configuration list for PBXNativeTarget "Word Play" */ = {
			isa = XCConfigurationList;
			buildConfigurations = (
				4985894D28F0712F003F3782 /* Debug */,
				4985894E28F0712F003F3782 /* Release */,
			);
			defaultConfigurationIsVisible = 0;
			defaultConfigurationName = Release;
		};
		4985894F28F0712F003F3782 /* Build configuration list for PBXNativeTarget "Word PlayTests" */ = {
			isa = XCConfigurationList;
			buildConfigurations = (
				4985895028F0712F003F3782 /* Debug */,
				4985895128F0712F003F3782 /* Release */,
			);
			defaultConfigurationIsVisible = 0;
			defaultConfigurationName = Release;
		};
		4985895228F0712F003F3782 /* Build configuration list for PBXNativeTarget "Word PlayUITests" */ = {
			isa = XCConfigurationList;
			buildConfigurations = (
				4985895328F0712F003F3782 /* Debug */,
				4985895428F0712F003F3782 /* Release */,
			);
			defaultConfigurationIsVisible = 0;
			defaultConfigurationName = Release;
		};
/* End XCConfigurationList section */
	};
	rootObject = 4985892028F0712D003F3782 /* Project object */;
}
