// !$*UTF8*$!
{
	archiveVersion = 1;
	classes = {
	};
	objectVersion = 56;
	objects = {

/* Begin PBXBuildFile section */
		498588EE28EDCB16003F3782 /* Multiple_Views_HackwichApp.swift in Sources */ = {isa = PBXBuildFile; fileRef = 498588ED28EDCB16003F3782 /* Multiple_Views_HackwichApp.swift */; };
		498588F028EDCB16003F3782 /* ContentView.swift in Sources */ = {isa = PBXBuildFile; fileRef = 498588EF28EDCB16003F3782 /* ContentView.swift */; };
		498588F228EDCB17003F3782 /* Assets.xcassets in Resources */ = {isa = PBXBuildFile; fileRef = 498588F128EDCB17003F3782 /* Assets.xcassets */; };
		498588F528EDCB17003F3782 /* Preview Assets.xcassets in Resources */ = {isa = PBXBuildFile; fileRef = 498588F428EDCB17003F3782 /* Preview Assets.xcassets */; };
		498588FF28EDCB18003F3782 /* Multiple_Views_HackwichTests.swift in Sources */ = {isa = PBXBuildFile; fileRef = 498588FE28EDCB18003F3782 /* Multiple_Views_HackwichTests.swift */; };
		4985890928EDCB18003F3782 /* Multiple_Views_HackwichUITests.swift in Sources */ = {isa = PBXBuildFile; fileRef = 4985890828EDCB18003F3782 /* Multiple_Views_HackwichUITests.swift */; };
		4985890B28EDCB18003F3782 /* Multiple_Views_HackwichUITestsLaunchTests.swift in Sources */ = {isa = PBXBuildFile; fileRef = 4985890A28EDCB18003F3782 /* Multiple_Views_HackwichUITestsLaunchTests.swift */; };
		4985891928EDCDFB003F3782 /* SwiftUIView01.swift in Sources */ = {isa = PBXBuildFile; fileRef = 4985891728EDCDE5003F3782 /* SwiftUIView01.swift */; };
		4985891C28EDD177003F3782 /* SwiftUIView02.swift in Sources */ = {isa = PBXBuildFile; fileRef = 4985891A28EDD16E003F3782 /* SwiftUIView02.swift */; };
		4985891E28EDD24A003F3782 /* SwiftUIView03.swift in Sources */ = {isa = PBXBuildFile; fileRef = 4985891D28EDD24A003F3782 /* SwiftUIView03.swift */; };
/* End PBXBuildFile section */

/* Begin PBXContainerItemProxy section */
		498588FB28EDCB18003F3782 /* PBXContainerItemProxy */ = {
			isa = PBXContainerItemProxy;
			containerPortal = 498588E228EDCB16003F3782 /* Project object */;
			proxyType = 1;
			remoteGlobalIDString = 498588E928EDCB16003F3782;
			remoteInfo = "Multiple Views Hackwich";
		};
		4985890528EDCB18003F3782 /* PBXContainerItemProxy */ = {
			isa = PBXContainerItemProxy;
			containerPortal = 498588E228EDCB16003F3782 /* Project object */;
			proxyType = 1;
			remoteGlobalIDString = 498588E928EDCB16003F3782;
			remoteInfo = "Multiple Views Hackwich";
		};
/* End PBXContainerItemProxy section */

/* Begin PBXFileReference section */
		498588EA28EDCB16003F3782 /* Multiple Views Hackwich.app */ = {isa = PBXFileReference; explicitFileType = wrapper.application; includeInIndex = 0; path = "Multiple Views Hackwich.app"; sourceTree = BUILT_PRODUCTS_DIR; };
		498588ED28EDCB16003F3782 /* Multiple_Views_HackwichApp.swift */ = {isa = PBXFileReference; lastKnownFileType = sourcecode.swift; path = Multiple_Views_HackwichApp.swift; sourceTree = "<group>"; };
		498588EF28EDCB16003F3782 /* ContentView.swift */ = {isa = PBXFileReference; lastKnownFileType = sourcecode.swift; path = ContentView.swift; sourceTree = "<group>"; };
		498588F128EDCB17003F3782 /* Assets.xcassets */ = {isa = PBXFileReference; lastKnownFileType = folder.assetcatalog; path = Assets.xcassets; sourceTree = "<group>"; };
		498588F428EDCB17003F3782 /* Preview Assets.xcassets */ = {isa = PBXFileReference; lastKnownFileType = folder.assetcatalog; path = "Preview Assets.xcassets"; sourceTree = "<group>"; };
		498588FA28EDCB18003F3782 /* Multiple Views HackwichTests.xctest */ = {isa = PBXFileReference; explicitFileType = wrapper.cfbundle; includeInIndex = 0; path = "Multiple Views HackwichTests.xctest"; sourceTree = BUILT_PRODUCTS_DIR; };
		498588FE28EDCB18003F3782 /* Multiple_Views_HackwichTests.swift */ = {isa = PBXFileReference; lastKnownFileType = sourcecode.swift; path = Multiple_Views_HackwichTests.swift; sourceTree = "<group>"; };
		4985890428EDCB18003F3782 /* Multiple Views HackwichUITests.xctest */ = {isa = PBXFileReference; explicitFileType = wrapper.cfbundle; includeInIndex = 0; path = "Multiple Views HackwichUITests.xctest"; sourceTree = BUILT_PRODUCTS_DIR; };
		4985890828EDCB18003F3782 /* Multiple_Views_HackwichUITests.swift */ = {isa = PBXFileReference; lastKnownFileType = sourcecode.swift; path = Multiple_Views_HackwichUITests.swift; sourceTree = "<group>"; };
		4985890A28EDCB18003F3782 /* Multiple_Views_HackwichUITestsLaunchTests.swift */ = {isa = PBXFileReference; lastKnownFileType = sourcecode.swift; path = Multiple_Views_HackwichUITestsLaunchTests.swift; sourceTree = "<group>"; };
		4985891728EDCDE5003F3782 /* SwiftUIView01.swift */ = {isa = PBXFileReference; lastKnownFileType = sourcecode.swift; path = SwiftUIView01.swift; sourceTree = "<group>"; };
		4985891A28EDD16E003F3782 /* SwiftUIView02.swift */ = {isa = PBXFileReference; lastKnownFileType = sourcecode.swift; path = SwiftUIView02.swift; sourceTree = "<group>"; };
		4985891D28EDD24A003F3782 /* SwiftUIView03.swift */ = {isa = PBXFileReference; lastKnownFileType = sourcecode.swift; path = SwiftUIView03.swift; sourceTree = "<group>"; };
/* End PBXFileReference section */

/* Begin PBXFrameworksBuildPhase section */
		498588E728EDCB16003F3782 /* Frameworks */ = {
			isa = PBXFrameworksBuildPhase;
			buildActionMask = 2147483647;
			files = (
			);
			runOnlyForDeploymentPostprocessing = 0;
		};
		498588F728EDCB18003F3782 /* Frameworks */ = {
			isa = PBXFrameworksBuildPhase;
			buildActionMask = 2147483647;
			files = (
			);
			runOnlyForDeploymentPostprocessing = 0;
		};
		4985890128EDCB18003F3782 /* Frameworks */ = {
			isa = PBXFrameworksBuildPhase;
			buildActionMask = 2147483647;
			files = (
			);
			runOnlyForDeploymentPostprocessing = 0;
		};
/* End PBXFrameworksBuildPhase section */

/* Begin PBXGroup section */
		498588E128EDCB16003F3782 = {
			isa = PBXGroup;
			children = (
				498588EC28EDCB16003F3782 /* Multiple Views Hackwich */,
				498588FD28EDCB18003F3782 /* Multiple Views HackwichTests */,
				4985890728EDCB18003F3782 /* Multiple Views HackwichUITests */,
				498588EB28EDCB16003F3782 /* Products */,
			);
			sourceTree = "<group>";
		};
		498588EB28EDCB16003F3782 /* Products */ = {
			isa = PBXGroup;
			children = (
				498588EA28EDCB16003F3782 /* Multiple Views Hackwich.app */,
				498588FA28EDCB18003F3782 /* Multiple Views HackwichTests.xctest */,
				4985890428EDCB18003F3782 /* Multiple Views HackwichUITests.xctest */,
			);
			name = Products;
			sourceTree = "<group>";
		};
		498588EC28EDCB16003F3782 /* Multiple Views Hackwich */ = {
			isa = PBXGroup;
			children = (
				498588ED28EDCB16003F3782 /* Multiple_Views_HackwichApp.swift */,
				498588EF28EDCB16003F3782 /* ContentView.swift */,
				498588F128EDCB17003F3782 /* Assets.xcassets */,
				498588F328EDCB17003F3782 /* Preview Content */,
			);
			path = "Multiple Views Hackwich";
			sourceTree = "<group>";
		};
		498588F328EDCB17003F3782 /* Preview Content */ = {
			isa = PBXGroup;
			children = (
				498588F428EDCB17003F3782 /* Preview Assets.xcassets */,
			);
			path = "Preview Content";
			sourceTree = "<group>";
		};
		498588FD28EDCB18003F3782 /* Multiple Views HackwichTests */ = {
			isa = PBXGroup;
			children = (
				498588FE28EDCB18003F3782 /* Multiple_Views_HackwichTests.swift */,
			);
			path = "Multiple Views HackwichTests";
			sourceTree = "<group>";
		};
		4985890728EDCB18003F3782 /* Multiple Views HackwichUITests */ = {
			isa = PBXGroup;
			children = (
				4985891728EDCDE5003F3782 /* SwiftUIView01.swift */,
				4985891A28EDD16E003F3782 /* SwiftUIView02.swift */,
				4985891D28EDD24A003F3782 /* SwiftUIView03.swift */,
				4985890828EDCB18003F3782 /* Multiple_Views_HackwichUITests.swift */,
				4985890A28EDCB18003F3782 /* Multiple_Views_HackwichUITestsLaunchTests.swift */,
			);
			path = "Multiple Views HackwichUITests";
			sourceTree = "<group>";
		};
/* End PBXGroup section */

/* Begin PBXNativeTarget section */
		498588E928EDCB16003F3782 /* Multiple Views Hackwich */ = {
			isa = PBXNativeTarget;
			buildConfigurationList = 4985890E28EDCB18003F3782 /* Build configuration list for PBXNativeTarget "Multiple Views Hackwich" */;
			buildPhases = (
				498588E628EDCB16003F3782 /* Sources */,
				498588E728EDCB16003F3782 /* Frameworks */,
				498588E828EDCB16003F3782 /* Resources */,
			);
			buildRules = (
			);
			dependencies = (
			);
			name = "Multiple Views Hackwich";
			productName = "Multiple Views Hackwich";
			productReference = 498588EA28EDCB16003F3782 /* Multiple Views Hackwich.app */;
			productType = "com.apple.product-type.application";
		};
		498588F928EDCB18003F3782 /* Multiple Views HackwichTests */ = {
			isa = PBXNativeTarget;
			buildConfigurationList = 4985891128EDCB18003F3782 /* Build configuration list for PBXNativeTarget "Multiple Views HackwichTests" */;
			buildPhases = (
				498588F628EDCB18003F3782 /* Sources */,
				498588F728EDCB18003F3782 /* Frameworks */,
				498588F828EDCB18003F3782 /* Resources */,
			);
			buildRules = (
			);
			dependencies = (
				498588FC28EDCB18003F3782 /* PBXTargetDependency */,
			);
			name = "Multiple Views HackwichTests";
			productName = "Multiple Views HackwichTests";
			productReference = 498588FA28EDCB18003F3782 /* Multiple Views HackwichTests.xctest */;
			productType = "com.apple.product-type.bundle.unit-test";
		};
		4985890328EDCB18003F3782 /* Multiple Views HackwichUITests */ = {
			isa = PBXNativeTarget;
			buildConfigurationList = 4985891428EDCB18003F3782 /* Build configuration list for PBXNativeTarget "Multiple Views HackwichUITests" */;
			buildPhases = (
				4985890028EDCB18003F3782 /* Sources */,
				4985890128EDCB18003F3782 /* Frameworks */,
				4985890228EDCB18003F3782 /* Resources */,
			);
			buildRules = (
			);
			dependencies = (
				4985890628EDCB18003F3782 /* PBXTargetDependency */,
			);
			name = "Multiple Views HackwichUITests";
			productName = "Multiple Views HackwichUITests";
			productReference = 4985890428EDCB18003F3782 /* Multiple Views HackwichUITests.xctest */;
			productType = "com.apple.product-type.bundle.ui-testing";
		};
/* End PBXNativeTarget section */

/* Begin PBXProject section */
		498588E228EDCB16003F3782 /* Project object */ = {
			isa = PBXProject;
			attributes = {
				BuildIndependentTargetsInParallel = 1;
				LastSwiftUpdateCheck = 1400;
				LastUpgradeCheck = 1400;
				TargetAttributes = {
					498588E928EDCB16003F3782 = {
						CreatedOnToolsVersion = 14.0.1;
					};
					498588F928EDCB18003F3782 = {
						CreatedOnToolsVersion = 14.0.1;
						TestTargetID = 498588E928EDCB16003F3782;
					};
					4985890328EDCB18003F3782 = {
						CreatedOnToolsVersion = 14.0.1;
						TestTargetID = 498588E928EDCB16003F3782;
					};
				};
			};
			buildConfigurationList = 498588E528EDCB16003F3782 /* Build configuration list for PBXProject "Multiple Views Hackwich" */;
			compatibilityVersion = "Xcode 14.0";
			developmentRegion = en;
			hasScannedForEncodings = 0;
			knownRegions = (
				en,
				Base,
			);
			mainGroup = 498588E128EDCB16003F3782;
			productRefGroup = 498588EB28EDCB16003F3782 /* Products */;
			projectDirPath = "";
			projectRoot = "";
			targets = (
				498588E928EDCB16003F3782 /* Multiple Views Hackwich */,
				498588F928EDCB18003F3782 /* Multiple Views HackwichTests */,
				4985890328EDCB18003F3782 /* Multiple Views HackwichUITests */,
			);
		};
/* End PBXProject section */

/* Begin PBXResourcesBuildPhase section */
		498588E828EDCB16003F3782 /* Resources */ = {
			isa = PBXResourcesBuildPhase;
			buildActionMask = 2147483647;
			files = (
				498588F528EDCB17003F3782 /* Preview Assets.xcassets in Resources */,
				498588F228EDCB17003F3782 /* Assets.xcassets in Resources */,
			);
			runOnlyForDeploymentPostprocessing = 0;
		};
		498588F828EDCB18003F3782 /* Resources */ = {
			isa = PBXResourcesBuildPhase;
			buildActionMask = 2147483647;
			files = (
			);
			runOnlyForDeploymentPostprocessing = 0;
		};
		4985890228EDCB18003F3782 /* Resources */ = {
			isa = PBXResourcesBuildPhase;
			buildActionMask = 2147483647;
			files = (
			);
			runOnlyForDeploymentPostprocessing = 0;
		};
/* End PBXResourcesBuildPhase section */

/* Begin PBXSourcesBuildPhase section */
		498588E628EDCB16003F3782 /* Sources */ = {
			isa = PBXSourcesBuildPhase;
			buildActionMask = 2147483647;
			files = (
				498588F028EDCB16003F3782 /* ContentView.swift in Sources */,
				498588EE28EDCB16003F3782 /* Multiple_Views_HackwichApp.swift in Sources */,
			);
			runOnlyForDeploymentPostprocessing = 0;
		};
		498588F628EDCB18003F3782 /* Sources */ = {
			isa = PBXSourcesBuildPhase;
			buildActionMask = 2147483647;
			files = (
				498588FF28EDCB18003F3782 /* Multiple_Views_HackwichTests.swift in Sources */,
			);
			runOnlyForDeploymentPostprocessing = 0;
		};
		4985890028EDCB18003F3782 /* Sources */ = {
			isa = PBXSourcesBuildPhase;
			buildActionMask = 2147483647;
			files = (
				4985890928EDCB18003F3782 /* Multiple_Views_HackwichUITests.swift in Sources */,
				4985890B28EDCB18003F3782 /* Multiple_Views_HackwichUITestsLaunchTests.swift in Sources */,
				4985891C28EDD177003F3782 /* SwiftUIView02.swift in Sources */,
				4985891E28EDD24A003F3782 /* SwiftUIView03.swift in Sources */,
				4985891928EDCDFB003F3782 /* SwiftUIView01.swift in Sources */,
			);
			runOnlyForDeploymentPostprocessing = 0;
		};
/* End PBXSourcesBuildPhase section */

/* Begin PBXTargetDependency section */
		498588FC28EDCB18003F3782 /* PBXTargetDependency */ = {
			isa = PBXTargetDependency;
			target = 498588E928EDCB16003F3782 /* Multiple Views Hackwich */;
			targetProxy = 498588FB28EDCB18003F3782 /* PBXContainerItemProxy */;
		};
		4985890628EDCB18003F3782 /* PBXTargetDependency */ = {
			isa = PBXTargetDependency;
			target = 498588E928EDCB16003F3782 /* Multiple Views Hackwich */;
			targetProxy = 4985890528EDCB18003F3782 /* PBXContainerItemProxy */;
		};
/* End PBXTargetDependency section */

/* Begin XCBuildConfiguration section */
		4985890C28EDCB18003F3782 /* Debug */ = {
			isa = XCBuildConfiguration;
			buildSettings = {
				ALWAYS_SEARCH_USER_PATHS = NO;
				CLANG_ANALYZER_NONNULL = YES;
				CLANG_ANALYZER_NUMBER_OBJECT_CONVERSION = YES_AGGRESSIVE;
				CLANG_CXX_LANGUAGE_STANDARD = "gnu++20";
				CLANG_ENABLE_MODULES = YES;
				CLANG_ENABLE_OBJC_ARC = YES;
				CLANG_ENABLE_OBJC_WEAK = YES;
				CLANG_WARN_BLOCK_CAPTURE_AUTORELEASING = YES;
				CLANG_WARN_BOOL_CONVERSION = YES;
				CLANG_WARN_COMMA = YES;
				CLANG_WARN_CONSTANT_CONVERSION = YES;
				CLANG_WARN_DEPRECATED_OBJC_IMPLEMENTATIONS = YES;
				CLANG_WARN_DIRECT_OBJC_ISA_USAGE = YES_ERROR;
				CLANG_WARN_DOCUMENTATION_COMMENTS = YES;
				CLANG_WARN_EMPTY_BODY = YES;
				CLANG_WARN_ENUM_CONVERSION = YES;
				CLANG_WARN_INFINITE_RECURSION = YES;
				CLANG_WARN_INT_CONVERSION = YES;
				CLANG_WARN_NON_LITERAL_NULL_CONVERSION = YES;
				CLANG_WARN_OBJC_IMPLICIT_RETAIN_SELF = YES;
				CLANG_WARN_OBJC_LITERAL_CONVERSION = YES;
				CLANG_WARN_OBJC_ROOT_CLASS = YES_ERROR;
				CLANG_WARN_QUOTED_INCLUDE_IN_FRAMEWORK_HEADER = YES;
				CLANG_WARN_RANGE_LOOP_ANALYSIS = YES;
				CLANG_WARN_STRICT_PROTOTYPES = YES;
				CLANG_WARN_SUSPICIOUS_MOVE = YES;
				CLANG_WARN_UNGUARDED_AVAILABILITY = YES_AGGRESSIVE;
				CLANG_WARN_UNREACHABLE_CODE = YES;
				CLANG_WARN__DUPLICATE_METHOD_MATCH = YES;
				COPY_PHASE_STRIP = NO;
				DEBUG_INFORMATION_FORMAT = dwarf;
				ENABLE_STRICT_OBJC_MSGSEND = YES;
				ENABLE_TESTABILITY = YES;
				GCC_C_LANGUAGE_STANDARD = gnu11;
				GCC_DYNAMIC_NO_PIC = NO;
				GCC_NO_COMMON_BLOCKS = YES;
				GCC_OPTIMIZATION_LEVEL = 0;
				GCC_PREPROCESSOR_DEFINITIONS = (
					"DEBUG=1",
					"$(inherited)",
				);
				GCC_WARN_64_TO_32_BIT_CONVERSION = YES;
				GCC_WARN_ABOUT_RETURN_TYPE = YES_ERROR;
				GCC_WARN_UNDECLARED_SELECTOR = YES;
				GCC_WARN_UNINITIALIZED_AUTOS = YES_AGGRESSIVE;
				GCC_WARN_UNUSED_FUNCTION = YES;
				GCC_WARN_UNUSED_VARIABLE = YES;
				IPHONEOS_DEPLOYMENT_TARGET = 16.0;
				MTL_ENABLE_DEBUG_INFO = INCLUDE_SOURCE;
				MTL_FAST_MATH = YES;
				ONLY_ACTIVE_ARCH = YES;
				SDKROOT = iphoneos;
				SWIFT_ACTIVE_COMPILATION_CONDITIONS = DEBUG;
				SWIFT_OPTIMIZATION_LEVEL = "-Onone";
			};
			name = Debug;
		};
		4985890D28EDCB18003F3782 /* Release */ = {
			isa = XCBuildConfiguration;
			buildSettings = {
				ALWAYS_SEARCH_USER_PATHS = NO;
				CLANG_ANALYZER_NONNULL = YES;
				CLANG_ANALYZER_NUMBER_OBJECT_CONVERSION = YES_AGGRESSIVE;
				CLANG_CXX_LANGUAGE_STANDARD = "gnu++20";
				CLANG_ENABLE_MODULES = YES;
				CLANG_ENABLE_OBJC_ARC = YES;
				CLANG_ENABLE_OBJC_WEAK = YES;
				CLANG_WARN_BLOCK_CAPTURE_AUTORELEASING = YES;
				CLANG_WARN_BOOL_CONVERSION = YES;
				CLANG_WARN_COMMA = YES;
				CLANG_WARN_CONSTANT_CONVERSION = YES;
				CLANG_WARN_DEPRECATED_OBJC_IMPLEMENTATIONS = YES;
				CLANG_WARN_DIRECT_OBJC_ISA_USAGE = YES_ERROR;
				CLANG_WARN_DOCUMENTATION_COMMENTS = YES;
				CLANG_WARN_EMPTY_BODY = YES;
				CLANG_WARN_ENUM_CONVERSION = YES;
				CLANG_WARN_INFINITE_RECURSION = YES;
				CLANG_WARN_INT_CONVERSION = YES;
				CLANG_WARN_NON_LITERAL_NULL_CONVERSION = YES;
				CLANG_WARN_OBJC_IMPLICIT_RETAIN_SELF = YES;
				CLANG_WARN_OBJC_LITERAL_CONVERSION = YES;
				CLANG_WARN_OBJC_ROOT_CLASS = YES_ERROR;
				CLANG_WARN_QUOTED_INCLUDE_IN_FRAMEWORK_HEADER = YES;
				CLANG_WARN_RANGE_LOOP_ANALYSIS = YES;
				CLANG_WARN_STRICT_PROTOTYPES = YES;
				CLANG_WARN_SUSPICIOUS_MOVE = YES;
				CLANG_WARN_UNGUARDED_AVAILABILITY = YES_AGGRESSIVE;
				CLANG_WARN_UNREACHABLE_CODE = YES;
				CLANG_WARN__DUPLICATE_METHOD_MATCH = YES;
				COPY_PHASE_STRIP = NO;
				DEBUG_INFORMATION_FORMAT = "dwarf-with-dsym";
				ENABLE_NS_ASSERTIONS = NO;
				ENABLE_STRICT_OBJC_MSGSEND = YES;
				GCC_C_LANGUAGE_STANDARD = gnu11;
				GCC_NO_COMMON_BLOCKS = YES;
				GCC_WARN_64_TO_32_BIT_CONVERSION = YES;
				GCC_WARN_ABOUT_RETURN_TYPE = YES_ERROR;
				GCC_WARN_UNDECLARED_SELECTOR = YES;
				GCC_WARN_UNINITIALIZED_AUTOS = YES_AGGRESSIVE;
				GCC_WARN_UNUSED_FUNCTION = YES;
				GCC_WARN_UNUSED_VARIABLE = YES;
				IPHONEOS_DEPLOYMENT_TARGET = 16.0;
				MTL_ENABLE_DEBUG_INFO = NO;
				MTL_FAST_MATH = YES;
				SDKROOT = iphoneos;
				SWIFT_COMPILATION_MODE = wholemodule;
				SWIFT_OPTIMIZATION_LEVEL = "-O";
				VALIDATE_PRODUCT = YES;
			};
			name = Release;
		};
		4985890F28EDCB18003F3782 /* Debug */ = {
			isa = XCBuildConfiguration;
			buildSettings = {
				ASSETCATALOG_COMPILER_APPICON_NAME = AppIcon;
				ASSETCATALOG_COMPILER_GLOBAL_ACCENT_COLOR_NAME = AccentColor;
				CODE_SIGN_STYLE = Automatic;
				CURRENT_PROJECT_VERSION = 1;
				DEVELOPMENT_ASSET_PATHS = "\"Multiple Views Hackwich/Preview Content\"";
				DEVELOPMENT_TEAM = HFN24CF56R;
				ENABLE_PREVIEWS = YES;
				GENERATE_INFOPLIST_FILE = YES;
				INFOPLIST_KEY_UIApplicationSceneManifest_Generation = YES;
				INFOPLIST_KEY_UIApplicationSupportsIndirectInputEvents = YES;
				INFOPLIST_KEY_UILaunchScreen_Generation = YES;
				INFOPLIST_KEY_UISupportedInterfaceOrientations_iPad = "UIInterfaceOrientationPortrait UIInterfaceOrientationPortraitUpsideDown UIInterfaceOrientationLandscapeLeft UIInterfaceOrientationLandscapeRight";
				INFOPLIST_KEY_UISupportedInterfaceOrientations_iPhone = "UIInterfaceOrientationPortrait UIInterfaceOrientationLandscapeLeft UIInterfaceOrientationLandscapeRight";
				LD_RUNPATH_SEARCH_PATHS = (
					"$(inherited)",
					"@executable_path/Frameworks",
				);
				MARKETING_VERSION = 1.0;
				PRODUCT_BUNDLE_IDENTIFIER = "bug.Multiple-Views-Hackwich";
				PRODUCT_NAME = "$(TARGET_NAME)";
				SWIFT_EMIT_LOC_STRINGS = YES;
				SWIFT_VERSION = 5.0;
				TARGETED_DEVICE_FAMILY = "1,2";
			};
			name = Debug;
		};
		4985891028EDCB18003F3782 /* Release */ = {
			isa = XCBuildConfiguration;
			buildSettings = {
				ASSETCATALOG_COMPILER_APPICON_NAME = AppIcon;
				ASSETCATALOG_COMPILER_GLOBAL_ACCENT_COLOR_NAME = AccentColor;
				CODE_SIGN_STYLE = Automatic;
				CURRENT_PROJECT_VERSION = 1;
				DEVELOPMENT_ASSET_PATHS = "\"Multiple Views Hackwich/Preview Content\"";
				DEVELOPMENT_TEAM = HFN24CF56R;
				ENABLE_PREVIEWS = YES;
				GENERATE_INFOPLIST_FILE = YES;
				INFOPLIST_KEY_UIApplicationSceneManifest_Generation = YES;
				INFOPLIST_KEY_UIApplicationSupportsIndirectInputEvents = YES;
				INFOPLIST_KEY_UILaunchScreen_Generation = YES;
				INFOPLIST_KEY_UISupportedInterfaceOrientations_iPad = "UIInterfaceOrientationPortrait UIInterfaceOrientationPortraitUpsideDown UIInterfaceOrientationLandscapeLeft UIInterfaceOrientationLandscapeRight";
				INFOPLIST_KEY_UISupportedInterfaceOrientations_iPhone = "UIInterfaceOrientationPortrait UIInterfaceOrientationLandscapeLeft UIInterfaceOrientationLandscapeRight";
				LD_RUNPATH_SEARCH_PATHS = (
					"$(inherited)",
					"@executable_path/Frameworks",
				);
				MARKETING_VERSION = 1.0;
				PRODUCT_BUNDLE_IDENTIFIER = "bug.Multiple-Views-Hackwich";
				PRODUCT_NAME = "$(TARGET_NAME)";
				SWIFT_EMIT_LOC_STRINGS = YES;
				SWIFT_VERSION = 5.0;
				TARGETED_DEVICE_FAMILY = "1,2";
			};
			name = Release;
		};
		4985891228EDCB18003F3782 /* Debug */ = {
			isa = XCBuildConfiguration;
			buildSettings = {
				ALWAYS_EMBED_SWIFT_STANDARD_LIBRARIES = YES;
				BUNDLE_LOADER = "$(TEST_HOST)";
				CODE_SIGN_STYLE = Automatic;
				CURRENT_PROJECT_VERSION = 1;
				DEVELOPMENT_TEAM = HFN24CF56R;
				GENERATE_INFOPLIST_FILE = YES;
				IPHONEOS_DEPLOYMENT_TARGET = 16.0;
				MARKETING_VERSION = 1.0;
				PRODUCT_BUNDLE_IDENTIFIER = "bug.Multiple-Views-HackwichTests";
				PRODUCT_NAME = "$(TARGET_NAME)";
				SWIFT_EMIT_LOC_STRINGS = NO;
				SWIFT_VERSION = 5.0;
				TARGETED_DEVICE_FAMILY = "1,2";
				TEST_HOST = "$(BUILT_PRODUCTS_DIR)/Multiple Views Hackwich.app/$(BUNDLE_EXECUTABLE_FOLDER_PATH)/Multiple Views Hackwich";
			};
			name = Debug;
		};
		4985891328EDCB18003F3782 /* Release */ = {
			isa = XCBuildConfiguration;
			buildSettings = {
				ALWAYS_EMBED_SWIFT_STANDARD_LIBRARIES = YES;
				BUNDLE_LOADER = "$(TEST_HOST)";
				CODE_SIGN_STYLE = Automatic;
				CURRENT_PROJECT_VERSION = 1;
				DEVELOPMENT_TEAM = HFN24CF56R;
				GENERATE_INFOPLIST_FILE = YES;
				IPHONEOS_DEPLOYMENT_TARGET = 16.0;
				MARKETING_VERSION = 1.0;
				PRODUCT_BUNDLE_IDENTIFIER = "bug.Multiple-Views-HackwichTests";
				PRODUCT_NAME = "$(TARGET_NAME)";
				SWIFT_EMIT_LOC_STRINGS = NO;
				SWIFT_VERSION = 5.0;
				TARGETED_DEVICE_FAMILY = "1,2";
				TEST_HOST = "$(BUILT_PRODUCTS_DIR)/Multiple Views Hackwich.app/$(BUNDLE_EXECUTABLE_FOLDER_PATH)/Multiple Views Hackwich";
			};
			name = Release;
		};
		4985891528EDCB18003F3782 /* Debug */ = {
			isa = XCBuildConfiguration;
			buildSettings = {
				ALWAYS_EMBED_SWIFT_STANDARD_LIBRARIES = YES;
				CODE_SIGN_STYLE = Automatic;
				CURRENT_PROJECT_VERSION = 1;
				DEVELOPMENT_TEAM = HFN24CF56R;
				GENERATE_INFOPLIST_FILE = YES;
				MARKETING_VERSION = 1.0;
				PRODUCT_BUNDLE_IDENTIFIER = "bug.Multiple-Views-HackwichUITests";
				PRODUCT_NAME = "$(TARGET_NAME)";
				SWIFT_EMIT_LOC_STRINGS = NO;
				SWIFT_VERSION = 5.0;
				TARGETED_DEVICE_FAMILY = "1,2";
				TEST_TARGET_NAME = "Multiple Views Hackwich";
			};
			name = Debug;
		};
		4985891628EDCB18003F3782 /* Release */ = {
			isa = XCBuildConfiguration;
			buildSettings = {
				ALWAYS_EMBED_SWIFT_STANDARD_LIBRARIES = YES;
				CODE_SIGN_STYLE = Automatic;
				CURRENT_PROJECT_VERSION = 1;
				DEVELOPMENT_TEAM = HFN24CF56R;
				GENERATE_INFOPLIST_FILE = YES;
				MARKETING_VERSION = 1.0;
				PRODUCT_BUNDLE_IDENTIFIER = "bug.Multiple-Views-HackwichUITests";
				PRODUCT_NAME = "$(TARGET_NAME)";
				SWIFT_EMIT_LOC_STRINGS = NO;
				SWIFT_VERSION = 5.0;
				TARGETED_DEVICE_FAMILY = "1,2";
				TEST_TARGET_NAME = "Multiple Views Hackwich";
			};
			name = Release;
		};
/* End XCBuildConfiguration section */

/* Begin XCConfigurationList section */
		498588E528EDCB16003F3782 /* Build configuration list for PBXProject "Multiple Views Hackwich" */ = {
			isa = XCConfigurationList;
			buildConfigurations = (
				4985890C28EDCB18003F3782 /* Debug */,
				4985890D28EDCB18003F3782 /* Release */,
			);
			defaultConfigurationIsVisible = 0;
			defaultConfigurationName = Release;
		};
		4985890E28EDCB18003F3782 /* Build configuration list for PBXNativeTarget "Multiple Views Hackwich" */ = {
			isa = XCConfigurationList;
			buildConfigurations = (
				4985890F28EDCB18003F3782 /* Debug */,
				4985891028EDCB18003F3782 /* Release */,
			);
			defaultConfigurationIsVisible = 0;
			defaultConfigurationName = Release;
		};
		4985891128EDCB18003F3782 /* Build configuration list for PBXNativeTarget "Multiple Views HackwichTests" */ = {
			isa = XCConfigurationList;
			buildConfigurations = (
				4985891228EDCB18003F3782 /* Debug */,
				4985891328EDCB18003F3782 /* Release */,
			);
			defaultConfigurationIsVisible = 0;
			defaultConfigurationName = Release;
		};
		4985891428EDCB18003F3782 /* Build configuration list for PBXNativeTarget "Multiple Views HackwichUITests" */ = {
			isa = XCConfigurationList;
			buildConfigurations = (
				4985891528EDCB18003F3782 /* Debug */,
				4985891628EDCB18003F3782 /* Release */,
			);
			defaultConfigurationIsVisible = 0;
			defaultConfigurationName = Release;
		};
/* End XCConfigurationList section */
	};
	rootObject = 498588E228EDCB16003F3782 /* Project object */;
}
